github.com/sashabaranov/go-openai v1.9.4 h1:KanoCEoowAI45jVXlenMCckutSRr39qOmSi9MyPBfZM=
github.com/sashabaranov/go-openai v1.9.4/go.mod h1:lj5b/K+zjTSFxVLijLSTDZuP7adOgerWeFyZLUhAKRg=
github.com/tmc/langchaingo v0.0.0-20230515003257-704a9bb9e313 h1:+rZfAOJvziDkJlIL99rKQpQyGp5Y2yVTGxz7oQhLmYI=
github.com/tmc/langchaingo v0.0.0-20230515003257-704a9bb9e313/go.mod h1:VQEc7xIJao42vl4zJtVWvJxaDHKhlkz8NwPjNqujKc8=
